
Microsoft Visual Studio Solution File, Format Version 12.00
# Visual Studio Version 17
VisualStudioVersion = 17.10.35013.160
MinimumVisualStudioVersion = 10.0.40219.1
Project("{FAE04EC0-301F-11D3-BF4B-00C04F79EFBC}") = "Client", "Client.csproj", "{13441D80-04CF-4D33-9E6E-61E968AC776A}"
EndProject
Global
	GlobalSection(SolutionConfigurationPlatforms) = preSolution
		Debug|Any CPU = Debug|Any CPU
		Release|Any CPU = Release|Any CPU
	EndGlobalSection
	GlobalSection(ProjectConfigurationPlatforms) = postSolution
		{13441D80-04CF-4D33-9E6E-61E968AC776A}.Debug|Any CPU.ActiveCfg = Debug|Any CPU
		{13441D80-04CF-4D33-9E6E-61E968AC776A}.Debug|Any CPU.Build.0 = Debug|Any CPU
		{13441D80-04CF-4D33-9E6E-61E968AC776A}.Release|Any CPU.ActiveCfg = Release|Any CPU
		{13441D80-04CF-4D33-9E6E-61E968AC776A}.Release|Any CPU.Build.0 = Release|Any CPU
	EndGlobalSection
	GlobalSection(SolutionProperties) = preSolution
		HideSolutionNode = FALSE
	EndGlobalSection
	GlobalSection(ExtensibilityGlobals) = postSolution
		SolutionGuid = {48DD9A41-A8B8-4F47-B496-9AC53BA9D113}
	EndGlobalSection
EndGlobal
